
Microsoft Visual Studio Solution File, Format Version 12.00
# Visual Studio Version 17
VisualStudioVersion = 17.1.31903.286
MinimumVisualStudioVersion = 10.0.40219.1
Project("{9A19103F-16F7-4668-BE54-9A1E7A4F7556}") = "Sample.WorkerService", "src\Sample.WorkerService\Sample.WorkerService.csproj", "{8E1E5BA1-8B4E-4ED6-A8BB-C0C2EA7FF9F6}"
EndProject
Project("{FAE04EC0-301F-11D3-BF4B-00C04F79EFBC}") = "Sample.WorkerService.Core", "src\Sample.WorkerService.Core\Sample.WorkerService.Core.csproj", "{28CE560D-5665-4C29-B5F0-38F33B927CD1}"
EndProject
Global
	GlobalSection(SolutionConfigurationPlatforms) = preSolution
		Debug|Any CPU = Debug|Any CPU
		Release|Any CPU = Release|Any CPU
	EndGlobalSection
	GlobalSection(ProjectConfigurationPlatforms) = postSolution
		{8E1E5BA1-8B4E-4ED6-A8BB-C0C2EA7FF9F6}.Debug|Any CPU.ActiveCfg = Debug|Any CPU
		{8E1E5BA1-8B4E-4ED6-A8BB-C0C2EA7FF9F6}.Debug|Any CPU.Build.0 = Debug|Any CPU
		{8E1E5BA1-8B4E-4ED6-A8BB-C0C2EA7FF9F6}.Release|Any CPU.ActiveCfg = Release|Any CPU
		{8E1E5BA1-8B4E-4ED6-A8BB-C0C2EA7FF9F6}.Release|Any CPU.Build.0 = Release|Any CPU
		{28CE560D-5665-4C29-B5F0-38F33B927CD1}.Debug|Any CPU.ActiveCfg = Debug|Any CPU
		{28CE560D-5665-4C29-B5F0-38F33B927CD1}.Debug|Any CPU.Build.0 = Debug|Any CPU
		{28CE560D-5665-4C29-B5F0-38F33B927CD1}.Release|Any CPU.ActiveCfg = Release|Any CPU
		{28CE560D-5665-4C29-B5F0-38F33B927CD1}.Release|Any CPU.Build.0 = Release|Any CPU
	EndGlobalSection
	GlobalSection(SolutionProperties) = preSolution
		HideSolutionNode = FALSE
	EndGlobalSection
	GlobalSection(ExtensibilityGlobals) = postSolution
		SolutionGuid = {23BB8AE3-0613-41B1-B2E5-27C6D341AC7A}
	EndGlobalSection
EndGlobal
